
Microsoft Visual Studio Solution File, Format Version 12.00
# Visual Studio 2013
VisualStudioVersion = 12.0.21005.1
MinimumVisualStudioVersion = 10.0.40219.1
Project("{FAE04EC0-301F-11D3-BF4B-00C04F79EFBC}") = "BEncodeLib", "BEncodeLib\BEncodeLib.csproj", "{ED60AB6F-5211-4A6E-B026-938BBC5EA8ED}"
EndProject
Project("{FAE04EC0-301F-11D3-BF4B-00C04F79EFBC}") = "BEncodeLib.Example", "BEncodeLib.Example\BEncodeLib.Example.csproj", "{F4085EF5-43DB-4EBF-97E6-C6EDDBB162C6}"
EndProject
Global
	GlobalSection(SolutionConfigurationPlatforms) = preSolution
		Debug|Any CPU = Debug|Any CPU
		Release|Any CPU = Release|Any CPU
	EndGlobalSection
	GlobalSection(ProjectConfigurationPlatforms) = postSolution
		{ED60AB6F-5211-4A6E-B026-938BBC5EA8ED}.Debug|Any CPU.ActiveCfg = Debug|Any CPU
		{ED60AB6F-5211-4A6E-B026-938BBC5EA8ED}.Debug|Any CPU.Build.0 = Debug|Any CPU
		{ED60AB6F-5211-4A6E-B026-938BBC5EA8ED}.Release|Any CPU.ActiveCfg = Release|Any CPU
		{ED60AB6F-5211-4A6E-B026-938BBC5EA8ED}.Release|Any CPU.Build.0 = Release|Any CPU
		{F4085EF5-43DB-4EBF-97E6-C6EDDBB162C6}.Debug|Any CPU.ActiveCfg = Debug|Any CPU
		{F4085EF5-43DB-4EBF-97E6-C6EDDBB162C6}.Debug|Any CPU.Build.0 = Debug|Any CPU
		{F4085EF5-43DB-4EBF-97E6-C6EDDBB162C6}.Release|Any CPU.ActiveCfg = Release|Any CPU
		{F4085EF5-43DB-4EBF-97E6-C6EDDBB162C6}.Release|Any CPU.Build.0 = Release|Any CPU
	EndGlobalSection
	GlobalSection(SolutionProperties) = preSolution
		HideSolutionNode = FALSE
	EndGlobalSection
EndGlobal
